
Microsoft Visual Studio Solution File, Format Version 12.00
# Visual Studio 15
VisualStudioVersion = 15.0.27428.2002
MinimumVisualStudioVersion = 10.0.40219.1
Project("{FAE04EC0-301F-11D3-BF4B-00C04F79EFBC}") = "Nav2Parser", "Nav2Parser\Nav2Parser.csproj", "{49392838-7CA8-4713-A92F-0E6F6B7269A0}"
EndProject
Global
	GlobalSection(SolutionConfigurationPlatforms) = preSolution
		Debug|Any CPU = Debug|Any CPU
		Release|Any CPU = Release|Any CPU
	EndGlobalSection
	GlobalSection(ProjectConfigurationPlatforms) = postSolution
		{49392838-7CA8-4713-A92F-0E6F6B7269A0}.Debug|Any CPU.ActiveCfg = Debug|Any CPU
		{49392838-7CA8-4713-A92F-0E6F6B7269A0}.Debug|Any CPU.Build.0 = Debug|Any CPU
		{49392838-7CA8-4713-A92F-0E6F6B7269A0}.Release|Any CPU.ActiveCfg = Release|Any CPU
		{49392838-7CA8-4713-A92F-0E6F6B7269A0}.Release|Any CPU.Build.0 = Release|Any CPU
	EndGlobalSection
	GlobalSection(SolutionProperties) = preSolution
		HideSolutionNode = FALSE
	EndGlobalSection
	GlobalSection(ExtensibilityGlobals) = postSolution
		SolutionGuid = {B319CCD3-A3F9-41DF-B444-B75D708F38EF}
	EndGlobalSection
EndGlobal
